
Microsoft Visual Studio Solution File, Format Version 12.00
# Visual Studio Version 16
VisualStudioVersion = 16.0.810.20
MinimumVisualStudioVersion = 10.0.40219.1
Project("{9A19103F-16F7-4668-BE54-9A1E7A4F7556}") = "Api", "Api\Api.csproj", "{B8766B24-3FDE-4D54-B303-9B9DA4C4596F}"
EndProject
Project("{9A19103F-16F7-4668-BE54-9A1E7A4F7556}") = "DataAccess", "DataAccess\DataAccess.csproj", "{8497FA3F-D751-4BFA-87B6-AB147F9D7A2A}"
EndProject
Project("{9A19103F-16F7-4668-BE54-9A1E7A4F7556}") = "Domain", "Domain\Domain.csproj", "{0F513343-8EFB-4D93-8E20-2987539107AD}"
EndProject
Project("{9A19103F-16F7-4668-BE54-9A1E7A4F7556}") = "Utils", "Utils\Utils.csproj", "{7A2B162A-1DE5-49A0-AC89-F8EE4119C916}"
EndProject
Project("{9A19103F-16F7-4668-BE54-9A1E7A4F7556}") = "GrpcServices", "GrpcServices\GrpcServices.csproj", "{1ACE1B65-2283-4134-B597-C4108AB7494B}"
EndProject
Project("{2150E333-8FDC-42A3-9474-1A3956D46DE8}") = "Solution Items", "Solution Items", "{321A736D-005A-4EC1-833C-548D5669FC3E}"
	ProjectSection(SolutionItems) = preProject
		Shared\appsettings.json = Shared\appsettings.json
	EndProjectSection
EndProject
Project("{9A19103F-16F7-4668-BE54-9A1E7A4F7556}") = "MobileGrpcServices", "MobileGrpcServices\MobileGrpcServices.csproj", "{70F0F801-D94E-40CF-A257-9A3907ABD213}"
EndProject
Project("{9A19103F-16F7-4668-BE54-9A1E7A4F7556}") = "WebApplication", "WebApplication\WebApplication.csproj", "{459E434D-10A9-4DDD-AA52-3E3E3D436128}"
EndProject
Global
	GlobalSection(SolutionConfigurationPlatforms) = preSolution
		Debug|Any CPU = Debug|Any CPU
		Release|Any CPU = Release|Any CPU
	EndGlobalSection
	GlobalSection(ProjectConfigurationPlatforms) = postSolution
		{B8766B24-3FDE-4D54-B303-9B9DA4C4596F}.Debug|Any CPU.ActiveCfg = Debug|Any CPU
		{B8766B24-3FDE-4D54-B303-9B9DA4C4596F}.Debug|Any CPU.Build.0 = Debug|Any CPU
		{B8766B24-3FDE-4D54-B303-9B9DA4C4596F}.Release|Any CPU.ActiveCfg = Release|Any CPU
		{B8766B24-3FDE-4D54-B303-9B9DA4C4596F}.Release|Any CPU.Build.0 = Release|Any CPU
		{8497FA3F-D751-4BFA-87B6-AB147F9D7A2A}.Debug|Any CPU.ActiveCfg = Debug|Any CPU
		{8497FA3F-D751-4BFA-87B6-AB147F9D7A2A}.Debug|Any CPU.Build.0 = Debug|Any CPU
		{8497FA3F-D751-4BFA-87B6-AB147F9D7A2A}.Release|Any CPU.ActiveCfg = Release|Any CPU
		{8497FA3F-D751-4BFA-87B6-AB147F9D7A2A}.Release|Any CPU.Build.0 = Release|Any CPU
		{0F513343-8EFB-4D93-8E20-2987539107AD}.Debug|Any CPU.ActiveCfg = Debug|Any CPU
		{0F513343-8EFB-4D93-8E20-2987539107AD}.Debug|Any CPU.Build.0 = Debug|Any CPU
		{0F513343-8EFB-4D93-8E20-2987539107AD}.Release|Any CPU.ActiveCfg = Release|Any CPU
		{0F513343-8EFB-4D93-8E20-2987539107AD}.Release|Any CPU.Build.0 = Release|Any CPU
		{7A2B162A-1DE5-49A0-AC89-F8EE4119C916}.Debug|Any CPU.ActiveCfg = Debug|Any CPU
		{7A2B162A-1DE5-49A0-AC89-F8EE4119C916}.Debug|Any CPU.Build.0 = Debug|Any CPU
		{7A2B162A-1DE5-49A0-AC89-F8EE4119C916}.Release|Any CPU.ActiveCfg = Release|Any CPU
		{7A2B162A-1DE5-49A0-AC89-F8EE4119C916}.Release|Any CPU.Build.0 = Release|Any CPU
		{1ACE1B65-2283-4134-B597-C4108AB7494B}.Debug|Any CPU.ActiveCfg = Debug|Any CPU
		{1ACE1B65-2283-4134-B597-C4108AB7494B}.Debug|Any CPU.Build.0 = Debug|Any CPU
		{1ACE1B65-2283-4134-B597-C4108AB7494B}.Release|Any CPU.ActiveCfg = Release|Any CPU
		{1ACE1B65-2283-4134-B597-C4108AB7494B}.Release|Any CPU.Build.0 = Release|Any CPU
		{70F0F801-D94E-40CF-A257-9A3907ABD213}.Debug|Any CPU.ActiveCfg = Debug|Any CPU
		{70F0F801-D94E-40CF-A257-9A3907ABD213}.Debug|Any CPU.Build.0 = Debug|Any CPU
		{70F0F801-D94E-40CF-A257-9A3907ABD213}.Release|Any CPU.ActiveCfg = Release|Any CPU
		{70F0F801-D94E-40CF-A257-9A3907ABD213}.Release|Any CPU.Build.0 = Release|Any CPU
		{459E434D-10A9-4DDD-AA52-3E3E3D436128}.Debug|Any CPU.ActiveCfg = Debug|Any CPU
		{459E434D-10A9-4DDD-AA52-3E3E3D436128}.Debug|Any CPU.Build.0 = Debug|Any CPU
		{459E434D-10A9-4DDD-AA52-3E3E3D436128}.Release|Any CPU.ActiveCfg = Release|Any CPU
		{459E434D-10A9-4DDD-AA52-3E3E3D436128}.Release|Any CPU.Build.0 = Release|Any CPU
	EndGlobalSection
	GlobalSection(SolutionProperties) = preSolution
		HideSolutionNode = FALSE
	EndGlobalSection
	GlobalSection(ExtensibilityGlobals) = postSolution
		SolutionGuid = {DA63B143-EBD5-4CAE-89E9-4813F2B5F4A4}
	EndGlobalSection
EndGlobal
